
Microsoft Visual Studio Solution File, Format Version 12.00
# Visual Studio 15
VisualStudioVersion = 15.0.28307.645
MinimumVisualStudioVersion = 10.0.40219.1
Project("{FAE04EC0-301F-11D3-BF4B-00C04F79EFBC}") = "AgenceGUI", "FrmAjoutAgence\AgenceGUI.csproj", "{6E44313D-561E-4BE6-8333-4C0FF56F70C5}"
EndProject
Project("{FAE04EC0-301F-11D3-BF4B-00C04F79EFBC}") = "AgenceBO", "AgenceBO\AgenceBO.csproj", "{6BA07182-7BE3-456C-B226-F928AB81667D}"
EndProject
Project("{FAE04EC0-301F-11D3-BF4B-00C04F79EFBC}") = "AgenceBLL", "AgenceBLL\AgenceBLL.csproj", "{7932C73B-481F-4928-A299-5CA33C2173B3}"
EndProject
Project("{FAE04EC0-301F-11D3-BF4B-00C04F79EFBC}") = "AgenceDAL", "AgenceDAO\AgenceDAL.csproj", "{C6609616-0CF4-4736-AEBD-6AF0B7B05BBF}"
EndProject
Global
	GlobalSection(SolutionConfigurationPlatforms) = preSolution
		Debug|Any CPU = Debug|Any CPU
		Release|Any CPU = Release|Any CPU
	EndGlobalSection
	GlobalSection(ProjectConfigurationPlatforms) = postSolution
		{6E44313D-561E-4BE6-8333-4C0FF56F70C5}.Debug|Any CPU.ActiveCfg = Debug|Any CPU
		{6E44313D-561E-4BE6-8333-4C0FF56F70C5}.Debug|Any CPU.Build.0 = Debug|Any CPU
		{6E44313D-561E-4BE6-8333-4C0FF56F70C5}.Release|Any CPU.ActiveCfg = Release|Any CPU
		{6E44313D-561E-4BE6-8333-4C0FF56F70C5}.Release|Any CPU.Build.0 = Release|Any CPU
		{6BA07182-7BE3-456C-B226-F928AB81667D}.Debug|Any CPU.ActiveCfg = Debug|Any CPU
		{6BA07182-7BE3-456C-B226-F928AB81667D}.Debug|Any CPU.Build.0 = Debug|Any CPU
		{6BA07182-7BE3-456C-B226-F928AB81667D}.Release|Any CPU.ActiveCfg = Release|Any CPU
		{6BA07182-7BE3-456C-B226-F928AB81667D}.Release|Any CPU.Build.0 = Release|Any CPU
		{7932C73B-481F-4928-A299-5CA33C2173B3}.Debug|Any CPU.ActiveCfg = Debug|Any CPU
		{7932C73B-481F-4928-A299-5CA33C2173B3}.Debug|Any CPU.Build.0 = Debug|Any CPU
		{7932C73B-481F-4928-A299-5CA33C2173B3}.Release|Any CPU.ActiveCfg = Release|Any CPU
		{7932C73B-481F-4928-A299-5CA33C2173B3}.Release|Any CPU.Build.0 = Release|Any CPU
		{C6609616-0CF4-4736-AEBD-6AF0B7B05BBF}.Debug|Any CPU.ActiveCfg = Debug|Any CPU
		{C6609616-0CF4-4736-AEBD-6AF0B7B05BBF}.Debug|Any CPU.Build.0 = Debug|Any CPU
		{C6609616-0CF4-4736-AEBD-6AF0B7B05BBF}.Release|Any CPU.ActiveCfg = Release|Any CPU
		{C6609616-0CF4-4736-AEBD-6AF0B7B05BBF}.Release|Any CPU.Build.0 = Release|Any CPU
	EndGlobalSection
	GlobalSection(SolutionProperties) = preSolution
		HideSolutionNode = FALSE
	EndGlobalSection
	GlobalSection(ExtensibilityGlobals) = postSolution
		SolutionGuid = {2E9B6DC8-C87A-46BC-A930-2D75C7729E31}
	EndGlobalSection
EndGlobal
